
Microsoft Visual Studio Solution File, Format Version 12.00
# Visual Studio Version 17
VisualStudioVersion = 17.0.31903.59
MinimumVisualStudioVersion = 10.0.40219.1
Project("{FAE04EC0-301F-11D3-BF4B-00C04F79EFBC}") = "API", "API\API.csproj", "{90564F72-3BDF-447F-A605-AE34E02B4C99}"
EndProject
Project("{FAE04EC0-301F-11D3-BF4B-00C04F79EFBC}") = "Infrastructure", "Infrastructure\Infrastructure.csproj", "{B0013AA2-41C6-49AA-BB25-E568F10C1B3F}"
EndProject
Project("{FAE04EC0-301F-11D3-BF4B-00C04F79EFBC}") = "Core", "core\Core.csproj", "{41BC37AB-BDE8-4A1F-80B0-C3119E855DB1}"
EndProject
Global
	GlobalSection(SolutionConfigurationPlatforms) = preSolution
		Debug|Any CPU = Debug|Any CPU
		Release|Any CPU = Release|Any CPU
	EndGlobalSection
	GlobalSection(SolutionProperties) = preSolution
		HideSolutionNode = FALSE
	EndGlobalSection
	GlobalSection(ProjectConfigurationPlatforms) = postSolution
		{90564F72-3BDF-447F-A605-AE34E02B4C99}.Debug|Any CPU.ActiveCfg = Debug|Any CPU
		{90564F72-3BDF-447F-A605-AE34E02B4C99}.Debug|Any CPU.Build.0 = Debug|Any CPU
		{90564F72-3BDF-447F-A605-AE34E02B4C99}.Release|Any CPU.ActiveCfg = Release|Any CPU
		{90564F72-3BDF-447F-A605-AE34E02B4C99}.Release|Any CPU.Build.0 = Release|Any CPU
		{B0013AA2-41C6-49AA-BB25-E568F10C1B3F}.Debug|Any CPU.ActiveCfg = Debug|Any CPU
		{B0013AA2-41C6-49AA-BB25-E568F10C1B3F}.Debug|Any CPU.Build.0 = Debug|Any CPU
		{B0013AA2-41C6-49AA-BB25-E568F10C1B3F}.Release|Any CPU.ActiveCfg = Release|Any CPU
		{B0013AA2-41C6-49AA-BB25-E568F10C1B3F}.Release|Any CPU.Build.0 = Release|Any CPU
		{41BC37AB-BDE8-4A1F-80B0-C3119E855DB1}.Debug|Any CPU.ActiveCfg = Debug|Any CPU
		{41BC37AB-BDE8-4A1F-80B0-C3119E855DB1}.Debug|Any CPU.Build.0 = Debug|Any CPU
		{41BC37AB-BDE8-4A1F-80B0-C3119E855DB1}.Release|Any CPU.ActiveCfg = Release|Any CPU
		{41BC37AB-BDE8-4A1F-80B0-C3119E855DB1}.Release|Any CPU.Build.0 = Release|Any CPU
	EndGlobalSection
EndGlobal
